
Microsoft Visual Studio Solution File, Format Version 12.00
# Visual Studio Version 16
VisualStudioVersion = 16.0.29609.76
MinimumVisualStudioVersion = 10.0.40219.1
Project("{FAE04EC0-301F-11D3-BF4B-00C04F79EFBC}") = "calcMetodos", "calcMetodos\calcMetodos.csproj", "{C11BC914-E50F-4FFE-9767-326B8B5DCD39}"
EndProject
Global
	GlobalSection(SolutionConfigurationPlatforms) = preSolution
		Debug|Any CPU = Debug|Any CPU
		Release|Any CPU = Release|Any CPU
	EndGlobalSection
	GlobalSection(ProjectConfigurationPlatforms) = postSolution
		{C11BC914-E50F-4FFE-9767-326B8B5DCD39}.Debug|Any CPU.ActiveCfg = Debug|Any CPU
		{C11BC914-E50F-4FFE-9767-326B8B5DCD39}.Debug|Any CPU.Build.0 = Debug|Any CPU
		{C11BC914-E50F-4FFE-9767-326B8B5DCD39}.Release|Any CPU.ActiveCfg = Release|Any CPU
		{C11BC914-E50F-4FFE-9767-326B8B5DCD39}.Release|Any CPU.Build.0 = Release|Any CPU
	EndGlobalSection
	GlobalSection(SolutionProperties) = preSolution
		HideSolutionNode = FALSE
	EndGlobalSection
	GlobalSection(ExtensibilityGlobals) = postSolution
		SolutionGuid = {C3BAE46E-D838-4BF6-9A6D-FD755C265865}
	EndGlobalSection
EndGlobal
